
Microsoft Visual Studio Solution File, Format Version 12.00
# Visual Studio 15
VisualStudioVersion = 15.0.28307.421
MinimumVisualStudioVersion = 10.0.40219.1
Project("{9A19103F-16F7-4668-BE54-9A1E7A4F7556}") = "KocFinansCC.Api", "KocFinansCC.Api\KocFinansCC.Api.csproj", "{73C553A1-579D-4E31-8DAF-5F11C64941BF}"
EndProject
Project("{9A19103F-16F7-4668-BE54-9A1E7A4F7556}") = "KocFinansCC.Common", "KocFinansCC.Common\KocFinansCC.Common.csproj", "{618C0DBB-7510-4CEE-A655-0975D5B019E4}"
EndProject
Project("{FAE04EC0-301F-11D3-BF4B-00C04F79EFBC}") = "KocFinansCC.Data", "KocFinansCC.Data\KocFinansCC.Data.csproj", "{448E5979-E565-4B79-9B35-F41023937053}"
EndProject
Project("{FAE04EC0-301F-11D3-BF4B-00C04F79EFBC}") = "KocFinansCC.Api.Tests", "KocFinansCC.Api.Tests\KocFinansCC.Api.Tests.csproj", "{ACD58547-C213-405C-BF84-1CDEE0590D80}"
EndProject
Global
	GlobalSection(SolutionConfigurationPlatforms) = preSolution
		Debug|Any CPU = Debug|Any CPU
		Release|Any CPU = Release|Any CPU
	EndGlobalSection
	GlobalSection(ProjectConfigurationPlatforms) = postSolution
		{73C553A1-579D-4E31-8DAF-5F11C64941BF}.Debug|Any CPU.ActiveCfg = Debug|Any CPU
		{73C553A1-579D-4E31-8DAF-5F11C64941BF}.Debug|Any CPU.Build.0 = Debug|Any CPU
		{73C553A1-579D-4E31-8DAF-5F11C64941BF}.Release|Any CPU.ActiveCfg = Release|Any CPU
		{73C553A1-579D-4E31-8DAF-5F11C64941BF}.Release|Any CPU.Build.0 = Release|Any CPU
		{618C0DBB-7510-4CEE-A655-0975D5B019E4}.Debug|Any CPU.ActiveCfg = Debug|Any CPU
		{618C0DBB-7510-4CEE-A655-0975D5B019E4}.Debug|Any CPU.Build.0 = Debug|Any CPU
		{618C0DBB-7510-4CEE-A655-0975D5B019E4}.Release|Any CPU.ActiveCfg = Release|Any CPU
		{618C0DBB-7510-4CEE-A655-0975D5B019E4}.Release|Any CPU.Build.0 = Release|Any CPU
		{448E5979-E565-4B79-9B35-F41023937053}.Debug|Any CPU.ActiveCfg = Debug|Any CPU
		{448E5979-E565-4B79-9B35-F41023937053}.Debug|Any CPU.Build.0 = Debug|Any CPU
		{448E5979-E565-4B79-9B35-F41023937053}.Release|Any CPU.ActiveCfg = Release|Any CPU
		{448E5979-E565-4B79-9B35-F41023937053}.Release|Any CPU.Build.0 = Release|Any CPU
		{ACD58547-C213-405C-BF84-1CDEE0590D80}.Debug|Any CPU.ActiveCfg = Debug|Any CPU
		{ACD58547-C213-405C-BF84-1CDEE0590D80}.Debug|Any CPU.Build.0 = Debug|Any CPU
		{ACD58547-C213-405C-BF84-1CDEE0590D80}.Release|Any CPU.ActiveCfg = Release|Any CPU
		{ACD58547-C213-405C-BF84-1CDEE0590D80}.Release|Any CPU.Build.0 = Release|Any CPU
	EndGlobalSection
	GlobalSection(SolutionProperties) = preSolution
		HideSolutionNode = FALSE
	EndGlobalSection
	GlobalSection(ExtensibilityGlobals) = postSolution
		SolutionGuid = {6D1E51B3-BE1B-45B2-B9E1-DCAAF0A91D7B}
	EndGlobalSection
EndGlobal
